<?xml version="1.0" encoding="utf-8"?>
<Project ToolsVersion="4.0" xmlns="http://schemas.microsoft.com/developer/msbuild/2003">
  <ItemGroup>
    <Filter Include="Source Files">
      <UniqueIdentifier>{4FC737F1-C7A5-4376-A066-2A32D752A2FF}</UniqueIdentifier>
      <Extensions>cpp;c;cc;cxx;def;odl;idl;hpj;bat;asm;asmx</Extensions>
    </Filter>
    <Filter Include="Header Files">
      <UniqueIdentifier>{93995380-89BD-4b04-88EB-625FBE52EBFB}</UniqueIdentifier>
      <Extensions>h;hh;hpp;hxx;hm;inl;inc;xsd</Extensions>
    </Filter>
    <Filter Include="Resource Files">
      <UniqueIdentifier>{67DA6AB6-F800-4c08-8B7A-83BB121AAD01}</UniqueIdentifier>
      <Extensions>rc;ico;cur;bmp;dlg;rc2;rct;bin;rgs;gif;jpg;jpeg;jpe;resx;tiff;tif;png;wav</Extensions>
    </Filter>
    <Filter Include="Header Files\gbaemu">
      <UniqueIdentifier>{5fe5860a-3b10-47ee-831c-29d5df7d82ae}</UniqueIdentifier>
    </Filter>
    <Filter Include="Source Files\gbaemu">
      <UniqueIdentifier>{af14f352-bb63-423a-82ea-a719ae2967c5}</UniqueIdentifier>
    </Filter>
    <Filter Include="Source Files\gbaemu\gba">
      <UniqueIdentifier>{4fabbb5e-afcd-47ab-9981-9e6dc2f1a3b5}</UniqueIdentifier>
    </Filter>
    <Filter Include="Header Files\gbaemu\gba">
      <UniqueIdentifier>{26741689-bc21-4f2a-9791-207961cad58d}</UniqueIdentifier>
    </Filter>
    <Filter Include="Header Files\gbaemu\gba\cpu">
      <UniqueIdentifier>{e54b81a0-485b-4af4-a0d6-c131d8dda106}</UniqueIdentifier>
    </Filter>
    <Filter Include="Source Files\gbaemu\gba\cpu">
      <UniqueIdentifier>{69ef9de5-8113-458e-b28e-8984e7dc8ff0}</UniqueIdentifier>
    </Filter>
    <Filter Include="Source Files\gbaemu\gba\cpu\decoder">
      <UniqueIdentifier>{2ffe1a5d-77f7-44b3-b952-2796bd5fe985}</UniqueIdentifier>
    </Filter>
    <Filter Include="Header Files\gbaemu\gba\cpu\decoder">
      <UniqueIdentifier>{294c07cb-961a-483a-9dcf-6c3a16256e88}</UniqueIdentifier>
    </Filter>
    <Filter Include="Header Files\gbaemu\gba\cpu\impl">
      <UniqueIdentifier>{d0e56e17-13ac-4e9d-a7bd-13696dbf2af1}</UniqueIdentifier>
    </Filter>
    <Filter Include="Source Files\gbaemu\gba\cpu\impl">
      <UniqueIdentifier>{5e265aaa-4ac1-4720-825e-75c6788d5d2b}</UniqueIdentifier>
    </Filter>
    <Filter Include="Source Files\gbaemu\gba\cpu\impl\arm">
      <UniqueIdentifier>{a334fb81-6650-4d65-b017-60a0c652b4f2}</UniqueIdentifier>
    </Filter>
    <Filter Include="Source Files\gbaemu\gba\cpu\impl\thumb">
      <UniqueIdentifier>{7da2b846-f4be-4fa8-bd46-49fc7628a153}</UniqueIdentifier>
    </Filter>
    <Filter Include="Header Files\gbaemu\gba\cpu\impl\arm">
      <UniqueIdentifier>{5841e935-1d38-45f0-ad51-6a3dce4cf3a1}</UniqueIdentifier>
    </Filter>
    <Filter Include="Header Files\gbaemu\gba\cpu\impl\thumb">
      <UniqueIdentifier>{7ae56782-e1cd-4ee6-87fc-7075390940dd}</UniqueIdentifier>
    </Filter>
  </ItemGroup>
  <ItemGroup>
    <ClCompile Include="gbaemu\fs.cpp">
      <Filter>Source Files\gbaemu</Filter>
    </ClCompile>
    <ClCompile Include="gbaemu\gbaemu.cpp">
      <Filter>Source Files\gbaemu</Filter>
    </ClCompile>
    <ClCompile Include="gbaemu\gba\cartridge.cpp">
      <Filter>Source Files\gbaemu\gba</Filter>
    </ClCompile>
    <ClCompile Include="gbaemu\gba\cpu.cpp">
      <Filter>Source Files\gbaemu\gba</Filter>
    </ClCompile>
    <ClCompile Include="gbaemu\gba\gba.cpp">
      <Filter>Source Files\gbaemu\gba</Filter>
    </ClCompile>
    <ClCompile Include="gbaemu\gba\mmu.cpp">
      <Filter>Source Files\gbaemu\gba</Filter>
    </ClCompile>
    <ClCompile Include="gbaemu\gba\cpu\decoder\arm.cpp">
      <Filter>Source Files\gbaemu\gba\cpu\decoder</Filter>
    </ClCompile>
    <ClCompile Include="gbaemu\gba\cpu\decoder\thumb.cpp">
      <Filter>Source Files\gbaemu\gba\cpu\decoder</Filter>
    </ClCompile>
    <ClCompile Include="gbaemu\gba\cpu\impl\arm\branch.cpp">
      <Filter>Source Files\gbaemu\gba\cpu\impl\arm</Filter>
    </ClCompile>
    <ClCompile Include="gbaemu\gba\cpu\impl\arm\dataproc.cpp">
      <Filter>Source Files\gbaemu\gba\cpu\impl\arm</Filter>
    </ClCompile>
    <ClCompile Include="gbaemu\gba\cpu\impl\arm\psrt.cpp">
      <Filter>Source Files\gbaemu\gba\cpu\impl\arm</Filter>
    </ClCompile>
    <ClCompile Include="gbaemu\gba\cpu\impl\arm\sdt.cpp">
      <Filter>Source Files\gbaemu\gba\cpu\impl\arm</Filter>
    </ClCompile>
    <ClCompile Include="gbaemu\gba\cpu\impl\arm\swi.cpp">
      <Filter>Source Files\gbaemu\gba\cpu\impl\arm</Filter>
    </ClCompile>
    <ClCompile Include="gbaemu\gba\cpu\impl\thumb\pcrldr.cpp">
      <Filter>Source Files\gbaemu\gba\cpu\impl\thumb</Filter>
    </ClCompile>
    <ClCompile Include="gbaemu\gba\cpu\impl\thumb\msr.cpp">
      <Filter>Source Files\gbaemu\gba\cpu\impl\thumb</Filter>
    </ClCompile>
    <ClCompile Include="gbaemu\gba\cpu\impl\thumb\addsub.cpp">
      <Filter>Source Files\gbaemu\gba\cpu\impl\thumb</Filter>
    </ClCompile>
    <ClCompile Include="gbaemu\gba\cpu\impl\thumb\cb.cpp">
      <Filter>Source Files\gbaemu\gba\cpu\impl\thumb</Filter>
    </ClCompile>
    <ClCompile Include="gbaemu\gba\cpu\impl\thumb\mcas.cpp">
      <Filter>Source Files\gbaemu\gba\cpu\impl\thumb</Filter>
    </ClCompile>
    <ClCompile Include="gbaemu\gba\cpu\impl\thumb\lbl.cpp">
      <Filter>Source Files\gbaemu\gba\cpu\impl\thumb</Filter>
    </ClCompile>
    <ClCompile Include="gbaemu\gba\cpu\impl\thumb\alu.cpp">
      <Filter>Source Files\gbaemu\gba\cpu\impl\thumb</Filter>
    </ClCompile>
    <ClCompile Include="gbaemu\gba\cpu\impl\thumb\mls.cpp">
      <Filter>Source Files\gbaemu\gba\cpu\impl\thumb</Filter>
    </ClCompile>
    <ClCompile Include="gbaemu\gba\cpu\impl\thumb\hrobe.cpp">
      <Filter>Source Files\gbaemu\gba\cpu\impl\thumb</Filter>
    </ClCompile>
  </ItemGroup>
  <ItemGroup>
    <ClInclude Include="gbaemu\platform.hpp">
      <Filter>Header Files\gbaemu</Filter>
    </ClInclude>
    <ClInclude Include="gbaemu\fs.hpp">
      <Filter>Header Files\gbaemu</Filter>
    </ClInclude>
    <ClInclude Include="gbaemu\gbaemu.hpp">
      <Filter>Header Files\gbaemu</Filter>
    </ClInclude>
    <ClInclude Include="gbaemu\gba\cartridge.hpp">
      <Filter>Header Files\gbaemu\gba</Filter>
    </ClInclude>
    <ClInclude Include="gbaemu\gba\cpu.hpp">
      <Filter>Header Files\gbaemu\gba</Filter>
    </ClInclude>
    <ClInclude Include="gbaemu\gba\gba.hpp">
      <Filter>Header Files\gbaemu\gba</Filter>
    </ClInclude>
    <ClInclude Include="gbaemu\gba\mmu.hpp">
      <Filter>Header Files\gbaemu\gba</Filter>
    </ClInclude>
    <ClInclude Include="gbaemu\gba\cpu\decoder.hpp">
      <Filter>Header Files\gbaemu\gba\cpu</Filter>
    </ClInclude>
    <ClInclude Include="gbaemu\gba\cpu\decoder\arm.hpp">
      <Filter>Header Files\gbaemu\gba\cpu\decoder</Filter>
    </ClInclude>
    <ClInclude Include="gbaemu\gba\cpu\decoder\thumb.hpp">
      <Filter>Header Files\gbaemu\gba\cpu\decoder</Filter>
    </ClInclude>
    <ClInclude Include="gbaemu\gba\cpu\impl\arm\shift_inline.hpp">
      <Filter>Header Files\gbaemu\gba\cpu\impl\arm</Filter>
    </ClInclude>
    <ClInclude Include="gbaemu\gba\cpu\impl\arm\swi.hpp">
      <Filter>Header Files\gbaemu\gba\cpu\impl\arm</Filter>
    </ClInclude>
    <ClInclude Include="gbaemu\gba\cpu\impl\arm\branch.hpp">
      <Filter>Header Files\gbaemu\gba\cpu\impl\arm</Filter>
    </ClInclude>
    <ClInclude Include="gbaemu\gba\cpu\impl\arm\dataproc.hpp">
      <Filter>Header Files\gbaemu\gba\cpu\impl\arm</Filter>
    </ClInclude>
    <ClInclude Include="gbaemu\gba\cpu\impl\arm\psrt.hpp">
      <Filter>Header Files\gbaemu\gba\cpu\impl\arm</Filter>
    </ClInclude>
    <ClInclude Include="gbaemu\gba\cpu\impl\arm\sdt.hpp">
      <Filter>Header Files\gbaemu\gba\cpu\impl\arm</Filter>
    </ClInclude>
    <ClInclude Include="gbaemu\gba\cpu\impl\thumb\pcrldr.hpp">
      <Filter>Header Files\gbaemu\gba\cpu\impl\thumb</Filter>
    </ClInclude>
    <ClInclude Include="gbaemu\gba\cpu\impl\logic_inline.hpp">
      <Filter>Header Files\gbaemu\gba\cpu\impl</Filter>
    </ClInclude>
    <ClInclude Include="gbaemu\gba\cpu\impl\thumb\msr.hpp">
      <Filter>Header Files\gbaemu\gba\cpu\impl\thumb</Filter>
    </ClInclude>
    <ClInclude Include="gbaemu\gba\cpu\impl\thumb\addsub.hpp">
      <Filter>Header Files\gbaemu\gba\cpu\impl\thumb</Filter>
    </ClInclude>
    <ClInclude Include="gbaemu\gba\cpu\impl\thumb\cb.hpp">
      <Filter>Header Files\gbaemu\gba\cpu\impl\thumb</Filter>
    </ClInclude>
    <ClInclude Include="gbaemu\gba\cpu\impl\thumb\mcas.hpp">
      <Filter>Header Files\gbaemu\gba\cpu\impl\thumb</Filter>
    </ClInclude>
    <ClInclude Include="gbaemu\gba\cpu\impl\thumb\lbl.hpp">
      <Filter>Header Files\gbaemu\gba\cpu\impl\thumb</Filter>
    </ClInclude>
    <ClInclude Include="gbaemu\gba\cpu\impl\thumb\alu.hpp">
      <Filter>Header Files\gbaemu\gba\cpu\impl\thumb</Filter>
    </ClInclude>
    <ClInclude Include="gbaemu\gba\cpu\impl\thumb\mls.hpp">
      <Filter>Header Files\gbaemu\gba\cpu\impl\thumb</Filter>
    </ClInclude>
    <ClInclude Include="gbaemu\gba\cpu\impl\thumb\hrobe.hpp">
      <Filter>Header Files\gbaemu\gba\cpu\impl\thumb</Filter>
    </ClInclude>
  </ItemGroup>
</Project>